// !$*UTF8*$!
{
	archiveVersion = 1;
	classes = {
	};
	objectVersion = 50;
	objects = {

/* Begin PBXBuildFile section */
		A131485822DEB454007B2108 /* AppDelegate.swift in Sources */ = {isa = PBXBuildFile; fileRef = A131485722DEB454007B2108 /* AppDelegate.swift */; };
		A131485A22DEB454007B2108 /* SceneDelegate.swift in Sources */ = {isa = PBXBuildFile; fileRef = A131485922DEB454007B2108 /* SceneDelegate.swift */; };
		A131485C22DEB454007B2108 /* ViewController.swift in Sources */ = {isa = PBXBuildFile; fileRef = A131485B22DEB454007B2108 /* ViewController.swift */; };
		A131485F22DEB454007B2108 /* Main.storyboard in Resources */ = {isa = PBXBuildFile; fileRef = A131485D22DEB454007B2108 /* Main.storyboard */; };
		A131486122DEB457007B2108 /* Assets.xcassets in Resources */ = {isa = PBXBuildFile; fileRef = A131486022DEB457007B2108 /* Assets.xcassets */; };
		A131486422DEB457007B2108 /* LaunchScreen.storyboard in Resources */ = {isa = PBXBuildFile; fileRef = A131486222DEB457007B2108 /* LaunchScreen.storyboard */; };
/* End PBXBuildFile section */

/* Begin PBXFileReference section */
		A131485422DEB454007B2108 /* metal-drawable-uikitformac.app */ = {isa = PBXFileReference; explicitFileType = wrapper.application; includeInIndex = 0; path = "metal-drawable-uikitformac.app"; sourceTree = BUILT_PRODUCTS_DIR; };
		A131485722DEB454007B2108 /* AppDelegate.swift */ = {isa = PBXFileReference; lastKnownFileType = sourcecode.swift; path = AppDelegate.swift; sourceTree = "<group>"; };
		A131485922DEB454007B2108 /* SceneDelegate.swift */ = {isa = PBXFileReference; lastKnownFileType = sourcecode.swift; path = SceneDelegate.swift; sourceTree = "<group>"; };
		A131485B22DEB454007B2108 /* ViewController.swift */ = {isa = PBXFileReference; lastKnownFileType = sourcecode.swift; path = ViewController.swift; sourceTree = "<group>"; };
		A131485E22DEB454007B2108 /* Base */ = {isa = PBXFileReference; lastKnownFileType = file.storyboard; name = Base; path = Base.lproj/Main.storyboard; sourceTree = "<group>"; };
		A131486022DEB457007B2108 /* Assets.xcassets */ = {isa = PBXFileReference; lastKnownFileType = folder.assetcatalog; path = Assets.xcassets; sourceTree = "<group>"; };
		A131486322DEB457007B2108 /* Base */ = {isa = PBXFileReference; lastKnownFileType = file.storyboard; name = Base; path = Base.lproj/LaunchScreen.storyboard; sourceTree = "<group>"; };
		A131486522DEB457007B2108 /* Info.plist */ = {isa = PBXFileReference; lastKnownFileType = text.plist.xml; path = Info.plist; sourceTree = "<group>"; };
		A131486B22DEB466007B2108 /* metal-drawable-uikitformac.entitlements */ = {isa = PBXFileReference; lastKnownFileType = text.plist.entitlements; path = "metal-drawable-uikitformac.entitlements"; sourceTree = "<group>"; };
/* End PBXFileReference section */

/* Begin PBXFrameworksBuildPhase section */
		A131485122DEB454007B2108 /* Frameworks */ = {
			isa = PBXFrameworksBuildPhase;
			buildActionMask = 2147483647;
			files = (
			);
			runOnlyForDeploymentPostprocessing = 0;
		};
/* End PBXFrameworksBuildPhase section */

/* Begin PBXGroup section */
		A131484B22DEB454007B2108 = {
			isa = PBXGroup;
			children = (
				A131485622DEB454007B2108 /* metal-drawable-uikitformac */,
				A131485522DEB454007B2108 /* Products */,
			);
			sourceTree = "<group>";
		};
		A131485522DEB454007B2108 /* Products */ = {
			isa = PBXGroup;
			children = (
				A131485422DEB454007B2108 /* metal-drawable-uikitformac.app */,
			);
			name = Products;
			sourceTree = "<group>";
		};
		A131485622DEB454007B2108 /* metal-drawable-uikitformac */ = {
			isa = PBXGroup;
			children = (
				A131486B22DEB466007B2108 /* metal-drawable-uikitformac.entitlements */,
				A131485722DEB454007B2108 /* AppDelegate.swift */,
				A131485922DEB454007B2108 /* SceneDelegate.swift */,
				A131485B22DEB454007B2108 /* ViewController.swift */,
				A131485D22DEB454007B2108 /* Main.storyboard */,
				A131486022DEB457007B2108 /* Assets.xcassets */,
				A131486222DEB457007B2108 /* LaunchScreen.storyboard */,
				A131486522DEB457007B2108 /* Info.plist */,
			);
			path = "metal-drawable-uikitformac";
			sourceTree = "<group>";
		};
/* End PBXGroup section */

/* Begin PBXNativeTarget section */
		A131485322DEB454007B2108 /* metal-drawable-uikitformac */ = {
			isa = PBXNativeTarget;
			buildConfigurationList = A131486822DEB457007B2108 /* Build configuration list for PBXNativeTarget "metal-drawable-uikitformac" */;
			buildPhases = (
				A131485022DEB454007B2108 /* Sources */,
				A131485122DEB454007B2108 /* Frameworks */,
				A131485222DEB454007B2108 /* Resources */,
			);
			buildRules = (
			);
			dependencies = (
			);
			name = "metal-drawable-uikitformac";
			productName = "metal-drawable-uikitformac";
			productReference = A131485422DEB454007B2108 /* metal-drawable-uikitformac.app */;
			productType = "com.apple.product-type.application";
		};
/* End PBXNativeTarget section */

/* Begin PBXProject section */
		A131484C22DEB454007B2108 /* Project object */ = {
			isa = PBXProject;
			attributes = {
				LastSwiftUpdateCheck = 1100;
				LastUpgradeCheck = 1100;
				ORGANIZATIONNAME = sweetiebird;
				TargetAttributes = {
					A131485322DEB454007B2108 = {
						CreatedOnToolsVersion = 11.0;
					};
				};
			};
			buildConfigurationList = A131484F22DEB454007B2108 /* Build configuration list for PBXProject "metal-drawable-uikitformac" */;
			compatibilityVersion = "Xcode 9.3";
			developmentRegion = en;
			hasScannedForEncodings = 0;
			knownRegions = (
				en,
				Base,
			);
			mainGroup = A131484B22DEB454007B2108;
			productRefGroup = A131485522DEB454007B2108 /* Products */;
			projectDirPath = "";
			projectRoot = "";
			targets = (
				A131485322DEB454007B2108 /* metal-drawable-uikitformac */,
			);
		};
/* End PBXProject section */

/* Begin PBXResourcesBuildPhase section */
		A131485222DEB454007B2108 /* Resources */ = {
			isa = PBXResourcesBuildPhase;
			buildActionMask = 2147483647;
			files = (
				A131486422DEB457007B2108 /* LaunchScreen.storyboard in Resources */,
				A131486122DEB457007B2108 /* Assets.xcassets in Resources */,
				A131485F22DEB454007B2108 /* Main.storyboard in Resources */,
			);
			runOnlyForDeploymentPostprocessing = 0;
		};
/* End PBXResourcesBuildPhase section */

/* Begin PBXSourcesBuildPhase section */
		A131485022DEB454007B2108 /* Sources */ = {
			isa = PBXSourcesBuildPhase;
			buildActionMask = 2147483647;
			files = (
				A131485C22DEB454007B2108 /* ViewController.swift in Sources */,
				A131485822DEB454007B2108 /* AppDelegate.swift in Sources */,
				A131485A22DEB454007B2108 /* SceneDelegate.swift in Sources */,
			);
			runOnlyForDeploymentPostprocessing = 0;
		};
/* End PBXSourcesBuildPhase section */

/* Begin PBXVariantGroup section */
		A131485D22DEB454007B2108 /* Main.storyboard */ = {
			isa = PBXVariantGroup;
			children = (
				A131485E22DEB454007B2108 /* Base */,
			);
			name = Main.storyboard;
			sourceTree = "<group>";
		};
		A131486222DEB457007B2108 /* LaunchScreen.storyboard */ = {
			isa = PBXVariantGroup;
			children = (
				A131486322DEB457007B2108 /* Base */,
			);
			name = LaunchScreen.storyboard;
			sourceTree = "<group>";
		};
/* End PBXVariantGroup section */

/* Begin XCBuildConfiguration section */
		A131486622DEB457007B2108 /* Debug */ = {
			isa = XCBuildConfiguration;
			buildSettings = {
				ALWAYS_SEARCH_USER_PATHS = NO;
				CLANG_ANALYZER_NONNULL = YES;
				CLANG_ANALYZER_NUMBER_OBJECT_CONVERSION = YES_AGGRESSIVE;
				CLANG_CXX_LANGUAGE_STANDARD = "gnu++14";
				CLANG_CXX_LIBRARY = "libc++";
				CLANG_ENABLE_MODULES = YES;
				CLANG_ENABLE_OBJC_ARC = YES;
				CLANG_ENABLE_OBJC_WEAK = YES;
				CLANG_WARN_BLOCK_CAPTURE_AUTORELEASING = YES;
				CLANG_WARN_BOOL_CONVERSION = YES;
				CLANG_WARN_COMMA = YES;
				CLANG_WARN_CONSTANT_CONVERSION = YES;
				CLANG_WARN_DEPRECATED_OBJC_IMPLEMENTATIONS = YES;
				CLANG_WARN_DIRECT_OBJC_ISA_USAGE = YES_ERROR;
				CLANG_WARN_DOCUMENTATION_COMMENTS = YES;
				CLANG_WARN_EMPTY_BODY = YES;
				CLANG_WARN_ENUM_CONVERSION = YES;
				CLANG_WARN_INFINITE_RECURSION = YES;
				CLANG_WARN_INT_CONVERSION = YES;
				CLANG_WARN_NON_LITERAL_NULL_CONVERSION = YES;
				CLANG_WARN_OBJC_IMPLICIT_RETAIN_SELF = YES;
				CLANG_WARN_OBJC_LITERAL_CONVERSION = YES;
				CLANG_WARN_OBJC_ROOT_CLASS = YES_ERROR;
				CLANG_WARN_RANGE_LOOP_ANALYSIS = YES;
				CLANG_WARN_STRICT_PROTOTYPES = YES;
				CLANG_WARN_SUSPICIOUS_MOVE = YES;
				CLANG_WARN_UNGUARDED_AVAILABILITY = YES_AGGRESSIVE;
				CLANG_WARN_UNREACHABLE_CODE = YES;
				CLANG_WARN__DUPLICATE_METHOD_MATCH = YES;
				COPY_PHASE_STRIP = NO;
				DEBUG_INFORMATION_FORMAT = dwarf;
				ENABLE_STRICT_OBJC_MSGSEND = YES;
				ENABLE_TESTABILITY = YES;
				GCC_C_LANGUAGE_STANDARD = gnu11;
				GCC_DYNAMIC_NO_PIC = NO;
				GCC_NO_COMMON_BLOCKS = YES;
				GCC_OPTIMIZATION_LEVEL = 0;
				GCC_PREPROCESSOR_DEFINITIONS = (
					"DEBUG=1",
					"$(inherited)",
				);
				GCC_WARN_64_TO_32_BIT_CONVERSION = YES;
				GCC_WARN_ABOUT_RETURN_TYPE = YES_ERROR;
				GCC_WARN_UNDECLARED_SELECTOR = YES;
				GCC_WARN_UNINITIALIZED_AUTOS = YES_AGGRESSIVE;
				GCC_WARN_UNUSED_FUNCTION = YES;
				GCC_WARN_UNUSED_VARIABLE = YES;
				IPHONEOS_DEPLOYMENT_TARGET = 13.0;
				MTL_ENABLE_DEBUG_INFO = INCLUDE_SOURCE;
				MTL_FAST_MATH = YES;
				ONLY_ACTIVE_ARCH = YES;
				SDKROOT = iphoneos;
				SWIFT_ACTIVE_COMPILATION_CONDITIONS = DEBUG;
				SWIFT_OPTIMIZATION_LEVEL = "-Onone";
			};
			name = Debug;
		};
		A131486722DEB457007B2108 /* Release */ = {
			isa = XCBuildConfiguration;
			buildSettings = {
				ALWAYS_SEARCH_USER_PATHS = NO;
				CLANG_ANALYZER_NONNULL = YES;
				CLANG_ANALYZER_NUMBER_OBJECT_CONVERSION = YES_AGGRESSIVE;
				CLANG_CXX_LANGUAGE_STANDARD = "gnu++14";
				CLANG_CXX_LIBRARY = "libc++";
				CLANG_ENABLE_MODULES = YES;
				CLANG_ENABLE_OBJC_ARC = YES;
				CLANG_ENABLE_OBJC_WEAK = YES;
				CLANG_WARN_BLOCK_CAPTURE_AUTORELEASING = YES;
				CLANG_WARN_BOOL_CONVERSION = YES;
				CLANG_WARN_COMMA = YES;
				CLANG_WARN_CONSTANT_CONVERSION = YES;
				CLANG_WARN_DEPRECATED_OBJC_IMPLEMENTATIONS = YES;
				CLANG_WARN_DIRECT_OBJC_ISA_USAGE = YES_ERROR;
				CLANG_WARN_DOCUMENTATION_COMMENTS = YES;
				CLANG_WARN_EMPTY_BODY = YES;
				CLANG_WARN_ENUM_CONVERSION = YES;
				CLANG_WARN_INFINITE_RECURSION = YES;
				CLANG_WARN_INT_CONVERSION = YES;
				CLANG_WARN_NON_LITERAL_NULL_CONVERSION = YES;
				CLANG_WARN_OBJC_IMPLICIT_RETAIN_SELF = YES;
				CLANG_WARN_OBJC_LITERAL_CONVERSION = YES;
				CLANG_WARN_OBJC_ROOT_CLASS = YES_ERROR;
				CLANG_WARN_RANGE_LOOP_ANALYSIS = YES;
				CLANG_WARN_STRICT_PROTOTYPES = YES;
				CLANG_WARN_SUSPICIOUS_MOVE = YES;
				CLANG_WARN_UNGUARDED_AVAILABILITY = YES_AGGRESSIVE;
				CLANG_WARN_UNREACHABLE_CODE = YES;
				CLANG_WARN__DUPLICATE_METHOD_MATCH = YES;
				COPY_PHASE_STRIP = NO;
				DEBUG_INFORMATION_FORMAT = "dwarf-with-dsym";
				ENABLE_NS_ASSERTIONS = NO;
				ENABLE_STRICT_OBJC_MSGSEND = YES;
				GCC_C_LANGUAGE_STANDARD = gnu11;
				GCC_NO_COMMON_BLOCKS = YES;
				GCC_WARN_64_TO_32_BIT_CONVERSION = YES;
				GCC_WARN_ABOUT_RETURN_TYPE = YES_ERROR;
				GCC_WARN_UNDECLARED_SELECTOR = YES;
				GCC_WARN_UNINITIALIZED_AUTOS = YES_AGGRESSIVE;
				GCC_WARN_UNUSED_FUNCTION = YES;
				GCC_WARN_UNUSED_VARIABLE = YES;
				IPHONEOS_DEPLOYMENT_TARGET = 13.0;
				MTL_ENABLE_DEBUG_INFO = NO;
				MTL_FAST_MATH = YES;
				SDKROOT = iphoneos;
				SWIFT_COMPILATION_MODE = wholemodule;
				SWIFT_OPTIMIZATION_LEVEL = "-O";
				VALIDATE_PRODUCT = YES;
			};
			name = Release;
		};
		A131486922DEB457007B2108 /* Debug */ = {
			isa = XCBuildConfiguration;
			buildSettings = {
				ASSETCATALOG_COMPILER_APPICON_NAME = AppIcon;
				CODE_SIGN_ENTITLEMENTS = "metal-drawable-uikitformac/metal-drawable-uikitformac.entitlements";
				CODE_SIGN_STYLE = Automatic;
				DERIVE_UIKITFORMAC_PRODUCT_BUNDLE_IDENTIFIER = YES;
				DEVELOPMENT_TEAM = B9452FEMTF;
				INFOPLIST_FILE = "metal-drawable-uikitformac/Info.plist";
				IPHONEOS_DEPLOYMENT_TARGET = 12.0;
				LD_RUNPATH_SEARCH_PATHS = (
					"$(inherited)",
					"@executable_path/Frameworks",
				);
				PRODUCT_BUNDLE_IDENTIFIER = "com.emilykolar.metal-drawable-uikitformac";
				PRODUCT_NAME = "$(TARGET_NAME)";
				SUPPORTS_UIKITFORMAC = YES;
				SWIFT_VERSION = 5.0;
				TARGETED_DEVICE_FAMILY = "1,2";
			};
			name = Debug;
		};
		A131486A22DEB457007B2108 /* Release */ = {
			isa = XCBuildConfiguration;
			buildSettings = {
				ASSETCATALOG_COMPILER_APPICON_NAME = AppIcon;
				CODE_SIGN_ENTITLEMENTS = "metal-drawable-uikitformac/metal-drawable-uikitformac.entitlements";
				CODE_SIGN_STYLE = Automatic;
				DERIVE_UIKITFORMAC_PRODUCT_BUNDLE_IDENTIFIER = YES;
				DEVELOPMENT_TEAM = B9452FEMTF;
				INFOPLIST_FILE = "metal-drawable-uikitformac/Info.plist";
				IPHONEOS_DEPLOYMENT_TARGET = 12.0;
				LD_RUNPATH_SEARCH_PATHS = (
					"$(inherited)",
					"@executable_path/Frameworks",
				);
				PRODUCT_BUNDLE_IDENTIFIER = "com.emilykolar.metal-drawable-uikitformac";
				PRODUCT_NAME = "$(TARGET_NAME)";
				SUPPORTS_UIKITFORMAC = YES;
				SWIFT_VERSION = 5.0;
				TARGETED_DEVICE_FAMILY = "1,2";
			};
			name = Release;
		};
/* End XCBuildConfiguration section */

/* Begin XCConfigurationList section */
		A131484F22DEB454007B2108 /* Build configuration list for PBXProject "metal-drawable-uikitformac" */ = {
			isa = XCConfigurationList;
			buildConfigurations = (
				A131486622DEB457007B2108 /* Debug */,
				A131486722DEB457007B2108 /* Release */,
			);
			defaultConfigurationIsVisible = 0;
			defaultConfigurationName = Release;
		};
		A131486822DEB457007B2108 /* Build configuration list for PBXNativeTarget "metal-drawable-uikitformac" */ = {
			isa = XCConfigurationList;
			buildConfigurations = (
				A131486922DEB457007B2108 /* Debug */,
				A131486A22DEB457007B2108 /* Release */,
			);
			defaultConfigurationIsVisible = 0;
			defaultConfigurationName = Release;
		};
/* End XCConfigurationList section */
	};
	rootObject = A131484C22DEB454007B2108 /* Project object */;
}
